
Microsoft Visual Studio Solution File, Format Version 12.00
# Visual Studio 15
Project("{FAE04EC0-301F-11D3-BF4B-00C04F79EFBC}") = "Assembly-CSharp", "Assembly-CSharp.csproj", "{CAC9AE2A-9159-10BB-6D79-9D88D409D319}"
EndProject
Global
	GlobalSection(SolutionConfigurationPlatforms) = preSolution
		Debug|Any CPU = Debug|Any CPU
		Release|Any CPU = Release|Any CPU
	EndGlobalSection
	GlobalSection(ProjectConfigurationPlatforms) = postSolution
		{CAC9AE2A-9159-10BB-6D79-9D88D409D319}.Debug|Any CPU.ActiveCfg = Debug|Any CPU
		{CAC9AE2A-9159-10BB-6D79-9D88D409D319}.Debug|Any CPU.Build.0 = Debug|Any CPU
		{CAC9AE2A-9159-10BB-6D79-9D88D409D319}.Release|Any CPU.ActiveCfg = Release|Any CPU
		{CAC9AE2A-9159-10BB-6D79-9D88D409D319}.Release|Any CPU.Build.0 = Release|Any CPU
	EndGlobalSection
	GlobalSection(SolutionProperties) = preSolution
		HideSolutionNode = FALSE
	EndGlobalSection
EndGlobal
